lockfileVersion: '6.0'

dependencies:
  http-serve:
    specifier: ^1.0.1
    version: 1.0.1
  monaco-editor:
    specifier: ^0.41.0
    version: 0.41.0

packages:

  /async@0.9.0:
    resolution: {integrity: sha512-XQJ3MipmCHAIBBMFfu2jaSetneOrXbSyyqeU3Nod867oNOpS+i9FEms5PWgjMxSgBybRf2IVVLtr1YfrDO+okg==}
    dev: false

  /colors@1.0.3:
    resolution: {integrity: sha512-pFGrxThWcWQ2MsAz6RtgeWe4NK2kUE1WfsrvvlctdII745EW9I0yflqhe7++M5LEc7bV2c/9/5zc8sFcpL0Drw==}
    engines: {node: '>=0.1.90'}
    dev: false

  /corser@2.0.1:
    resolution: {integrity: sha512-utCYNzRSQIZNPIcGZdQc92UVJYAhtGAteCFg0yRaFm8f0P+CPtyGyHXJcGXnffjCybUCEx3FQ2G7U3/o9eIkVQ==}
    engines: {node: '>= 0.4.0'}
    dev: false

  /ecstatic@2.2.2:
    resolution: {integrity: sha512-F1g29y3I+abOS+M0AiK2O9R96AJ49Bc3kH696HtqnN+CL3YhpUnSzHNoUBQL03qDsN9Lr1XeKIxTqEH3BtiBgg==}
    deprecated: This package is unmaintained and deprecated. See the GH Issue 259.
    hasBin: true
    dependencies:
      he: 1.2.0
      mime: 1.6.0
      minimist: 1.2.8
      url-join: 2.0.5
    dev: false

  /eventemitter3@4.0.7:
    resolution: {integrity: sha512-8guHBZCwKnFhYdHr2ysuRWErTwhoN2X8XELRlrRwpmfeY2jjuUN4taQMsULKUVo1K4DvZl+0pgfyoysHxvmvEw==}
    dev: false

  /follow-redirects@1.15.2:
    resolution: {integrity: sha512-VQLG33o04KaQ8uYi2tVNbdrWp1QWxNNea+nmIB4EVM28v0hmP17z7aG1+wAkNzVq4KeXTq3221ye5qTJP91JwA==}
    engines: {node: '>=4.0'}
    peerDependencies:
      debug: '*'
    peerDependenciesMeta:
      debug:
        optional: true
    dev: false

  /he@1.2.0:
    resolution: {integrity: sha512-F/1DnUGPopORZi0ni+CvrCgHQ5FyEAHRLSApuYWMmrbSwoN2Mn/7k+Gl38gJnR7yyDZk6WLXwiGod1JOWNDKGw==}
    hasBin: true
    dev: false

  /http-proxy@1.18.1:
    resolution: {integrity: sha512-7mz/721AbnJwIVbnaSv1Cz3Am0ZLT/UBwkC92VlxhXv/k/BBQfM2fXElQNC27BVGr0uwUpplYPQM9LnaBMR5NQ==}
    engines: {node: '>=8.0.0'}
    dependencies:
      eventemitter3: 4.0.7
      follow-redirects: 1.15.2
      requires-port: 1.0.0
    transitivePeerDependencies:
      - debug
    dev: false

  /http-serve@1.0.1:
    resolution: {integrity: sha512-dlIVvTQitN2q/KX9s3r2flAiByI3jqjoIoJ90Qtin+u9m7oWNM88qjwrNxeEVfsI+AE3bQAAdC73WE/0RtnVaQ==}
    hasBin: true
    dependencies:
      colors: 1.0.3
      corser: 2.0.1
      ecstatic: 2.2.2
      http-proxy: 1.18.1
      opener: 1.4.3
      optimist: 0.6.1
      portfinder: 0.4.0
      union: 0.4.6
    transitivePeerDependencies:
      - debug
    dev: false

  /mime@1.6.0:
    resolution: {integrity: sha512-x0Vn8spI+wuJ1O6S7gnbaQg8Pxh4NNHb7KSINmEWKiPE4RKOplvijn+NkmYmmRgP68mc70j2EbeTFRsrswaQeg==}
    engines: {node: '>=4'}
    hasBin: true
    dev: false

  /minimist@0.0.10:
    resolution: {integrity: sha512-iotkTvxc+TwOm5Ieim8VnSNvCDjCK9S8G3scJ50ZthspSxa7jx50jkhYduuAtAjvfDUwSgOwf8+If99AlOEhyw==}
    dev: false

  /minimist@1.2.8:
    resolution: {integrity: sha512-2yyAR8qBkN3YuheJanUpWC5U3bb5osDywNB8RzDVlDwDHbocAJveqqj1u8+SVD7jkWT4yvsHCpWqqWqAxb0zCA==}
    dev: false

  /mkdirp@0.5.6:
    resolution: {integrity: sha512-FP+p8RB8OWpF3YZBCrP5gtADmtXApB5AMLn+vdyA+PyxCjrCs00mjyUozssO33cwDeT3wNGdLxJ5M//YqtHAJw==}
    hasBin: true
    dependencies:
      minimist: 1.2.8
    dev: false

  /monaco-editor@0.41.0:
    resolution: {integrity: sha512-1o4olnZJsiLmv5pwLEAmzHTE/5geLKQ07BrGxlF4Ri/AXAc2yyDGZwHjiTqD8D/ROKUZmwMA28A+yEowLNOEcA==}
    dev: false

  /opener@1.4.3:
    resolution: {integrity: sha512-4Im9TrPJcjAYyGR5gBe3yZnBzw5n3Bfh1ceHHGNOpMurINKc6RdSIPXMyon4BZacJbJc36lLkhipioGbWh5pwg==}
    hasBin: true
    dev: false

  /optimist@0.6.1:
    resolution: {integrity: sha512-snN4O4TkigujZphWLN0E//nQmm7790RYaE53DdL7ZYwee2D8DDo9/EyYiKUfN3rneWUjhJnueija3G9I2i0h3g==}
    dependencies:
      minimist: 0.0.10
      wordwrap: 0.0.3
    dev: false

  /portfinder@0.4.0:
    resolution: {integrity: sha512-SZ3hp61WVhwNSS0gf0Fdrx5Yb/wl35qisHuPVM1S0StV8t5XlVZmmJy7/417OELJA7t6ecEmeEzvOaBwq3kCiQ==}
    engines: {node: '>= 0.8.0'}
    dependencies:
      async: 0.9.0
      mkdirp: 0.5.6
    dev: false

  /qs@2.3.3:
    resolution: {integrity: sha512-f5M0HQqZWkzU8GELTY8LyMrGkr3bPjKoFtTkwUEqJQbcljbeK8M7mliP9Ia2xoOI6oMerp+QPS7oYJtpGmWe/A==}
    dev: false

  /requires-port@1.0.0:
    resolution: {integrity: sha512-KigOCHcocU3XODJxsu8i/j8T9tzT4adHiecwORRQ0ZZFcp7ahwXuRU1m+yuO90C5ZUyGeGfocHDI14M3L3yDAQ==}
    dev: false

  /union@0.4.6:
    resolution: {integrity: sha512-2qtrvSgD0GKotLRCNYkIMUOzoaHjXKCtbAP0kc5Po6D+RWTBb+BxlcHlHCYcf+Y+YM7eQicPgAg9mnWQvtoFVA==}
    engines: {node: '>= 0.8.0'}
    dependencies:
      qs: 2.3.3
    dev: false

  /url-join@2.0.5:
    resolution: {integrity: sha512-c2H1fIgpUdwFRIru9HFno5DT73Ok8hg5oOb5AT3ayIgvCRfxgs2jyt5Slw8kEB7j3QUr6yJmMPDT/odjk7jXow==}
    dev: false

  /wordwrap@0.0.3:
    resolution: {integrity: sha512-1tMA907+V4QmxV7dbRvb4/8MaRALK6q9Abid3ndMYnbyo8piisCmeONVqVSXqQA3KaP4SLt5b7ud6E2sqP8TFw==}
    engines: {node: '>=0.4.0'}
    dev: false
